// !$*UTF8*$!
{
	archiveVersion = 1;
	classes = {
	};
	objectVersion = 56;
	objects = {

/* Begin PBXBuildFile section */
		91048CA02A5AEE18006CD876 /* DarkModeManager.swift in Sources */ = {isa = PBXBuildFile; fileRef = 91048C9F2A5AEE18006CD876 /* DarkModeManager.swift */; };
		9110DE352A61B214007B007E /* SecretHelper.swift in Sources */ = {isa = PBXBuildFile; fileRef = 9110DE342A61B214007B007E /* SecretHelper.swift */; };
		9110DE412A61CE04007B007E /* Localizable.strings in Resources */ = {isa = PBXBuildFile; fileRef = 9110DE432A61CE04007B007E /* Localizable.strings */; };
		912178A12A5880B900B1E203 /* Logger.swift in Sources */ = {isa = PBXBuildFile; fileRef = 912178A02A5880B900B1E203 /* Logger.swift */; };
		912178A42A589BC800B1E203 /* Constants.swift in Sources */ = {isa = PBXBuildFile; fileRef = 912178A32A589BC800B1E203 /* Constants.swift */; };
		912178A82A58B7C500B1E203 /* AlertManager.swift in Sources */ = {isa = PBXBuildFile; fileRef = 912178A72A58B7C500B1E203 /* AlertManager.swift */; };
		912178AC2A59AD9900B1E203 /* TrendingReposViewModel.swift in Sources */ = {isa = PBXBuildFile; fileRef = 912178AB2A59AD9900B1E203 /* TrendingReposViewModel.swift */; };
		914F8C8B2A59BAE700FF5147 /* TimeFrame.swift in Sources */ = {isa = PBXBuildFile; fileRef = 914F8C8A2A59BAE700FF5147 /* TimeFrame.swift */; };
		914F8C8D2A59BB1B00FF5147 /* Color+Extensions.swift in Sources */ = {isa = PBXBuildFile; fileRef = 914F8C8C2A59BB1B00FF5147 /* Color+Extensions.swift */; };
		914F8C8F2A59BB2B00FF5147 /* URL+Extensions.swift in Sources */ = {isa = PBXBuildFile; fileRef = 914F8C8E2A59BB2B00FF5147 /* URL+Extensions.swift */; };
		914F8C912A59BF5D00FF5147 /* GithubAPI.swift in Sources */ = {isa = PBXBuildFile; fileRef = 914F8C902A59BF5D00FF5147 /* GithubAPI.swift */; };
		915DED562A01F1AE00632613 /* TrendingReposApp.swift in Sources */ = {isa = PBXBuildFile; fileRef = 915DED552A01F1AE00632613 /* TrendingReposApp.swift */; };
		915DED582A01F1AE00632613 /* ContentView.swift in Sources */ = {isa = PBXBuildFile; fileRef = 915DED572A01F1AE00632613 /* ContentView.swift */; };
		915DED5A2A01F1AF00632613 /* Assets.xcassets in Resources */ = {isa = PBXBuildFile; fileRef = 915DED592A01F1AF00632613 /* Assets.xcassets */; };
		915DED5D2A01F1AF00632613 /* Preview Assets.xcassets in Resources */ = {isa = PBXBuildFile; fileRef = 915DED5C2A01F1AF00632613 /* Preview Assets.xcassets */; };
		915DED642A01F21700632613 /* NetworkManager.swift in Sources */ = {isa = PBXBuildFile; fileRef = 915DED632A01F21700632613 /* NetworkManager.swift */; };
		91B02DCF2A3E163800FD1BBC /* RepoStats.swift in Sources */ = {isa = PBXBuildFile; fileRef = 91B02DCE2A3E163800FD1BBC /* RepoStats.swift */; };
		91B02DD12A3E165900FD1BBC /* RepoList.swift in Sources */ = {isa = PBXBuildFile; fileRef = 91B02DD02A3E165900FD1BBC /* RepoList.swift */; };
		91B02DD32A3E1A7800FD1BBC /* RepoItem.swift in Sources */ = {isa = PBXBuildFile; fileRef = 91B02DD22A3E1A7800FD1BBC /* RepoItem.swift */; };
		91B02F682A47773700FD1BBC /* TokenManager.swift in Sources */ = {isa = PBXBuildFile; fileRef = 91B02F672A47773700FD1BBC /* TokenManager.swift */; };
		91B02F6E2A5480EB00FD1BBC /* KeychainManager.swift in Sources */ = {isa = PBXBuildFile; fileRef = 91B02F6D2A5480EB00FD1BBC /* KeychainManager.swift */; };
		91B02F702A55C77000FD1BBC /* RepoDetails.swift in Sources */ = {isa = PBXBuildFile; fileRef = 91B02F6F2A55C77000FD1BBC /* RepoDetails.swift */; };
		FF42746D2A7EC8E4009DD2EF /* TokenManagerTests.swift in Sources */ = {isa = PBXBuildFile; fileRef = FF42746C2A7EC8E4009DD2EF /* TokenManagerTests.swift */; };
		FF42746F2A7EC8FB009DD2EF /* DarkModeManagerTests.swift in Sources */ = {isa = PBXBuildFile; fileRef = FF42746E2A7EC8FB009DD2EF /* DarkModeManagerTests.swift */; };
		FF4274712A7EC90D009DD2EF /* AlertManagerTests.swift in Sources */ = {isa = PBXBuildFile; fileRef = FF4274702A7EC90D009DD2EF /* AlertManagerTests.swift */; };
		FF4274732A7EC91E009DD2EF /* KeychainManagerTests.swift in Sources */ = {isa = PBXBuildFile; fileRef = FF4274722A7EC91E009DD2EF /* KeychainManagerTests.swift */; };
		FF464C212A6C3D8C008EA72C /* Secrets.plist in Resources */ = {isa = PBXBuildFile; fileRef = FF464C202A6C3D8C008EA72C /* Secrets.plist */; };
		FF464C292A6C4025008EA72C /* TrendingReposTests.swift in Sources */ = {isa = PBXBuildFile; fileRef = FF464C282A6C4025008EA72C /* TrendingReposTests.swift */; };
		FF464C302A6C40DF008EA72C /* NetworkManagerTests.swift in Sources */ = {isa = PBXBuildFile; fileRef = FF464C2F2A6C40DF008EA72C /* NetworkManagerTests.swift */; };
		FF6EDEB72A6DB879004333E7 /* RepoModel.swift in Sources */ = {isa = PBXBuildFile; fileRef = FF6EDEB62A6DB879004333E7 /* RepoModel.swift */; };
		FF6EDEB92A6DC05D004333E7 /* TrendingReposViewModelTests.swift in Sources */ = {isa = PBXBuildFile; fileRef = FF6EDEB82A6DC05D004333E7 /* TrendingReposViewModelTests.swift */; };
/* End PBXBuildFile section */

/* Begin PBXContainerItemProxy section */
		FF464C2A2A6C4025008EA72C /* PBXContainerItemProxy */ = {
			isa = PBXContainerItemProxy;
			containerPortal = 915DED4A2A01F1AE00632613 /* Project object */;
			proxyType = 1;
			remoteGlobalIDString = 915DED512A01F1AE00632613;
			remoteInfo = TrendingRepos;
		};
/* End PBXContainerItemProxy section */

/* Begin PBXFileReference section */
		91048C9F2A5AEE18006CD876 /* DarkModeManager.swift */ = {isa = PBXFileReference; lastKnownFileType = sourcecode.swift; path = DarkModeManager.swift; sourceTree = "<group>"; };
		9110DE342A61B214007B007E /* SecretHelper.swift */ = {isa = PBXFileReference; lastKnownFileType = sourcecode.swift; path = SecretHelper.swift; sourceTree = "<group>"; };
		9110DE422A61CE04007B007E /* en */ = {isa = PBXFileReference; lastKnownFileType = text.plist.strings; name = en; path = en.lproj/Localizable.strings; sourceTree = "<group>"; };
		9110DE442A61CE06007B007E /* fr */ = {isa = PBXFileReference; lastKnownFileType = text.plist.strings; name = fr; path = fr.lproj/Localizable.strings; sourceTree = "<group>"; };
		9110DE452A61CE06007B007E /* de */ = {isa = PBXFileReference; lastKnownFileType = text.plist.strings; name = de; path = de.lproj/Localizable.strings; sourceTree = "<group>"; };
		9110DE462A61CE07007B007E /* it */ = {isa = PBXFileReference; lastKnownFileType = text.plist.strings; name = it; path = it.lproj/Localizable.strings; sourceTree = "<group>"; };
		9110DE472A61CE08007B007E /* pt-PT */ = {isa = PBXFileReference; lastKnownFileType = text.plist.strings; name = "pt-PT"; path = "pt-PT.lproj/Localizable.strings"; sourceTree = "<group>"; };
		9110DE482A61CE09007B007E /* es */ = {isa = PBXFileReference; lastKnownFileType = text.plist.strings; name = es; path = es.lproj/Localizable.strings; sourceTree = "<group>"; };
		912178A02A5880B900B1E203 /* Logger.swift */ = {isa = PBXFileReference; lastKnownFileType = sourcecode.swift; path = Logger.swift; sourceTree = "<group>"; };
		912178A32A589BC800B1E203 /* Constants.swift */ = {isa = PBXFileReference; lastKnownFileType = sourcecode.swift; path = Constants.swift; sourceTree = "<group>"; };
		912178A72A58B7C500B1E203 /* AlertManager.swift */ = {isa = PBXFileReference; lastKnownFileType = sourcecode.swift; path = AlertManager.swift; sourceTree = "<group>"; };
		912178AB2A59AD9900B1E203 /* TrendingReposViewModel.swift */ = {isa = PBXFileReference; lastKnownFileType = sourcecode.swift; path = TrendingReposViewModel.swift; sourceTree = "<group>"; };
		914F8C8A2A59BAE700FF5147 /* TimeFrame.swift */ = {isa = PBXFileReference; lastKnownFileType = sourcecode.swift; path = TimeFrame.swift; sourceTree = "<group>"; };
		914F8C8C2A59BB1B00FF5147 /* Color+Extensions.swift */ = {isa = PBXFileReference; lastKnownFileType = sourcecode.swift; path = "Color+Extensions.swift"; sourceTree = "<group>"; };
		914F8C8E2A59BB2B00FF5147 /* URL+Extensions.swift */ = {isa = PBXFileReference; lastKnownFileType = sourcecode.swift; path = "URL+Extensions.swift"; sourceTree = "<group>"; };
		914F8C902A59BF5D00FF5147 /* GithubAPI.swift */ = {isa = PBXFileReference; lastKnownFileType = sourcecode.swift; path = GithubAPI.swift; sourceTree = "<group>"; };
		915DED522A01F1AE00632613 /* TrendingRepos.app */ = {isa = PBXFileReference; explicitFileType = wrapper.application; includeInIndex = 0; path = TrendingRepos.app; sourceTree = BUILT_PRODUCTS_DIR; };
		915DED552A01F1AE00632613 /* TrendingReposApp.swift */ = {isa = PBXFileReference; lastKnownFileType = sourcecode.swift; path = TrendingReposApp.swift; sourceTree = "<group>"; };
		915DED572A01F1AE00632613 /* ContentView.swift */ = {isa = PBXFileReference; lastKnownFileType = sourcecode.swift; path = ContentView.swift; sourceTree = "<group>"; };
		915DED592A01F1AF00632613 /* Assets.xcassets */ = {isa = PBXFileReference; lastKnownFileType = folder.assetcatalog; path = Assets.xcassets; sourceTree = "<group>"; };
		915DED5C2A01F1AF00632613 /* Preview Assets.xcassets */ = {isa = PBXFileReference; lastKnownFileType = folder.assetcatalog; path = "Preview Assets.xcassets"; sourceTree = "<group>"; };
		915DED632A01F21700632613 /* NetworkManager.swift */ = {isa = PBXFileReference; lastKnownFileType = sourcecode.swift; path = NetworkManager.swift; sourceTree = "<group>"; };
		91AFE9302A11A2CD0033B388 /* Info.plist */ = {isa = PBXFileReference; lastKnownFileType = text.plist; path = Info.plist; sourceTree = "<group>"; };
		91B02DCE2A3E163800FD1BBC /* RepoStats.swift */ = {isa = PBXFileReference; lastKnownFileType = sourcecode.swift; path = RepoStats.swift; sourceTree = "<group>"; };
		91B02DD02A3E165900FD1BBC /* RepoList.swift */ = {isa = PBXFileReference; lastKnownFileType = sourcecode.swift; path = RepoList.swift; sourceTree = "<group>"; };
		91B02DD22A3E1A7800FD1BBC /* RepoItem.swift */ = {isa = PBXFileReference; lastKnownFileType = sourcecode.swift; path = RepoItem.swift; sourceTree = "<group>"; };
		91B02F672A47773700FD1BBC /* TokenManager.swift */ = {isa = PBXFileReference; lastKnownFileType = sourcecode.swift; path = TokenManager.swift; sourceTree = "<group>"; };
		91B02F6D2A5480EB00FD1BBC /* KeychainManager.swift */ = {isa = PBXFileReference; lastKnownFileType = sourcecode.swift; path = KeychainManager.swift; sourceTree = "<group>"; };
		91B02F6F2A55C77000FD1BBC /* RepoDetails.swift */ = {isa = PBXFileReference; lastKnownFileType = sourcecode.swift; path = RepoDetails.swift; sourceTree = "<group>"; };
		FF42746C2A7EC8E4009DD2EF /* TokenManagerTests.swift */ = {isa = PBXFileReference; lastKnownFileType = sourcecode.swift; path = TokenManagerTests.swift; sourceTree = "<group>"; };
		FF42746E2A7EC8FB009DD2EF /* DarkModeManagerTests.swift */ = {isa = PBXFileReference; lastKnownFileType = sourcecode.swift; path = DarkModeManagerTests.swift; sourceTree = "<group>"; };
		FF4274702A7EC90D009DD2EF /* AlertManagerTests.swift */ = {isa = PBXFileReference; lastKnownFileType = sourcecode.swift; path = AlertManagerTests.swift; sourceTree = "<group>"; };
		FF4274722A7EC91E009DD2EF /* KeychainManagerTests.swift */ = {isa = PBXFileReference; lastKnownFileType = sourcecode.swift; path = KeychainManagerTests.swift; sourceTree = "<group>"; };
		FF464C202A6C3D8C008EA72C /* Secrets.plist */ = {isa = PBXFileReference; lastKnownFileType = text.plist.xml; path = Secrets.plist; sourceTree = "<group>"; };
		FF464C262A6C4025008EA72C /* TrendingReposTests.xctest */ = {isa = PBXFileReference; explicitFileType = wrapper.cfbundle; includeInIndex = 0; path = TrendingReposTests.xctest; sourceTree = BUILT_PRODUCTS_DIR; };
		FF464C282A6C4025008EA72C /* TrendingReposTests.swift */ = {isa = PBXFileReference; lastKnownFileType = sourcecode.swift; path = TrendingReposTests.swift; sourceTree = "<group>"; };
		FF464C2F2A6C40DF008EA72C /* NetworkManagerTests.swift */ = {isa = PBXFileReference; lastKnownFileType = sourcecode.swift; path = NetworkManagerTests.swift; sourceTree = "<group>"; };
		FF6EDEB62A6DB879004333E7 /* RepoModel.swift */ = {isa = PBXFileReference; lastKnownFileType = sourcecode.swift; path = RepoModel.swift; sourceTree = "<group>"; };
		FF6EDEB82A6DC05D004333E7 /* TrendingReposViewModelTests.swift */ = {isa = PBXFileReference; lastKnownFileType = sourcecode.swift; path = TrendingReposViewModelTests.swift; sourceTree = "<group>"; };
/* End PBXFileReference section */

/* Begin PBXFrameworksBuildPhase section */
		915DED4F2A01F1AE00632613 /* Frameworks */ = {
			isa = PBXFrameworksBuildPhase;
			buildActionMask = 2147483647;
			files = (
			);
			runOnlyForDeploymentPostprocessing = 0;
		};
		FF464C232A6C4025008EA72C /* Frameworks */ = {
			isa = PBXFrameworksBuildPhase;
			buildActionMask = 2147483647;
			files = (
			);
			runOnlyForDeploymentPostprocessing = 0;
		};
/* End PBXFrameworksBuildPhase section */

/* Begin PBXGroup section */
		9110DE4B2A643A11007B007E /* Models */ = {
			isa = PBXGroup;
			children = (
				912178AB2A59AD9900B1E203 /* TrendingReposViewModel.swift */,
				FF6EDEB62A6DB879004333E7 /* RepoModel.swift */,
			);
			path = Models;
			sourceTree = "<group>";
		};
		9110DE4D2A643A26007B007E /* Managers */ = {
			isa = PBXGroup;
			children = (
				91B02F6D2A5480EB00FD1BBC /* KeychainManager.swift */,
				912178A72A58B7C500B1E203 /* AlertManager.swift */,
				91B02F672A47773700FD1BBC /* TokenManager.swift */,
				91048C9F2A5AEE18006CD876 /* DarkModeManager.swift */,
			);
			path = Managers;
			sourceTree = "<group>";
		};
		9110DE4E2A643A77007B007E /* Extensions */ = {
			isa = PBXGroup;
			children = (
				914F8C8C2A59BB1B00FF5147 /* Color+Extensions.swift */,
				914F8C8E2A59BB2B00FF5147 /* URL+Extensions.swift */,
			);
			path = Extensions;
			sourceTree = "<group>";
		};
		9110DE4F2A643B19007B007E /* Views */ = {
			isa = PBXGroup;
			children = (
				91B02DD22A3E1A7800FD1BBC /* RepoItem.swift */,
				91B02DD02A3E165900FD1BBC /* RepoList.swift */,
				91B02DCE2A3E163800FD1BBC /* RepoStats.swift */,
				91B02F6F2A55C77000FD1BBC /* RepoDetails.swift */,
			);
			path = Views;
			sourceTree = "<group>";
		};
		9110DE502A643B34007B007E /* Network */ = {
			isa = PBXGroup;
			children = (
				915DED632A01F21700632613 /* NetworkManager.swift */,
				914F8C902A59BF5D00FF5147 /* GithubAPI.swift */,
			);
			path = Network;
			sourceTree = "<group>";
		};
		914F8C892A59BACD00FF5147 /* Utils */ = {
			isa = PBXGroup;
			children = (
				912178A02A5880B900B1E203 /* Logger.swift */,
				912178A32A589BC800B1E203 /* Constants.swift */,
				914F8C8A2A59BAE700FF5147 /* TimeFrame.swift */,
				9110DE342A61B214007B007E /* SecretHelper.swift */,
			);
			path = Utils;
			sourceTree = "<group>";
		};
		915DED492A01F1AE00632613 = {
			isa = PBXGroup;
			children = (
				9110DE432A61CE04007B007E /* Localizable.strings */,
				915DED542A01F1AE00632613 /* TrendingRepos */,
				FF464C272A6C4025008EA72C /* TrendingReposTests */,
				915DED532A01F1AE00632613 /* Products */,
			);
			sourceTree = "<group>";
		};
		915DED532A01F1AE00632613 /* Products */ = {
			isa = PBXGroup;
			children = (
				915DED522A01F1AE00632613 /* TrendingRepos.app */,
				FF464C262A6C4025008EA72C /* TrendingReposTests.xctest */,
			);
			name = Products;
			sourceTree = "<group>";
		};
		915DED542A01F1AE00632613 /* TrendingRepos */ = {
			isa = PBXGroup;
			children = (
				915DED552A01F1AE00632613 /* TrendingReposApp.swift */,
				915DED572A01F1AE00632613 /* ContentView.swift */,
				9110DE4B2A643A11007B007E /* Models */,
				9110DE4F2A643B19007B007E /* Views */,
				9110DE4D2A643A26007B007E /* Managers */,
				9110DE502A643B34007B007E /* Network */,
				9110DE4E2A643A77007B007E /* Extensions */,
				914F8C892A59BACD00FF5147 /* Utils */,
				915DED5B2A01F1AF00632613 /* Preview Content */,
				91AFE9302A11A2CD0033B388 /* Info.plist */,
				FF464C202A6C3D8C008EA72C /* Secrets.plist */,
				915DED592A01F1AF00632613 /* Assets.xcassets */,
			);
			path = TrendingRepos;
			sourceTree = "<group>";
		};
		915DED5B2A01F1AF00632613 /* Preview Content */ = {
			isa = PBXGroup;
			children = (
				915DED5C2A01F1AF00632613 /* Preview Assets.xcassets */,
			);
			path = "Preview Content";
			sourceTree = "<group>";
		};
		FF464C272A6C4025008EA72C /* TrendingReposTests */ = {
			isa = PBXGroup;
			children = (
				FF464C282A6C4025008EA72C /* TrendingReposTests.swift */,
				FF464C2F2A6C40DF008EA72C /* NetworkManagerTests.swift */,
				FF6EDEB82A6DC05D004333E7 /* TrendingReposViewModelTests.swift */,
				FF42746C2A7EC8E4009DD2EF /* TokenManagerTests.swift */,
				FF42746E2A7EC8FB009DD2EF /* DarkModeManagerTests.swift */,
				FF4274702A7EC90D009DD2EF /* AlertManagerTests.swift */,
				FF4274722A7EC91E009DD2EF /* KeychainManagerTests.swift */,
			);
			path = TrendingReposTests;
			sourceTree = "<group>";
		};
/* End PBXGroup section */

/* Begin PBXNativeTarget section */
		915DED512A01F1AE00632613 /* TrendingRepos */ = {
			isa = PBXNativeTarget;
			buildConfigurationList = 915DED602A01F1AF00632613 /* Build configuration list for PBXNativeTarget "TrendingRepos" */;
			buildPhases = (
				915DED4E2A01F1AE00632613 /* Sources */,
				915DED4F2A01F1AE00632613 /* Frameworks */,
				915DED502A01F1AE00632613 /* Resources */,
				912178A22A5899D100B1E203 /* Run Script */,
			);
			buildRules = (
			);
			dependencies = (
			);
			name = TrendingRepos;
			productName = TrendingRepos;
			productReference = 915DED522A01F1AE00632613 /* TrendingRepos.app */;
			productType = "com.apple.product-type.application";
		};
		FF464C252A6C4025008EA72C /* TrendingReposTests */ = {
			isa = PBXNativeTarget;
			buildConfigurationList = FF464C2C2A6C4025008EA72C /* Build configuration list for PBXNativeTarget "TrendingReposTests" */;
			buildPhases = (
				FF464C222A6C4025008EA72C /* Sources */,
				FF464C232A6C4025008EA72C /* Frameworks */,
				FF464C242A6C4025008EA72C /* Resources */,
			);
			buildRules = (
			);
			dependencies = (
				FF464C2B2A6C4025008EA72C /* PBXTargetDependency */,
			);
			name = TrendingReposTests;
			productName = TrendingReposTests;
			productReference = FF464C262A6C4025008EA72C /* TrendingReposTests.xctest */;
			productType = "com.apple.product-type.bundle.unit-test";
		};
/* End PBXNativeTarget section */

/* Begin PBXProject section */
		915DED4A2A01F1AE00632613 /* Project object */ = {
			isa = PBXProject;
			attributes = {
				BuildIndependentTargetsInParallel = 1;
				LastSwiftUpdateCheck = 1430;
				LastUpgradeCheck = 1430;
				TargetAttributes = {
					915DED512A01F1AE00632613 = {
						CreatedOnToolsVersion = 14.3;
					};
					FF464C252A6C4025008EA72C = {
						CreatedOnToolsVersion = 14.3.1;
						TestTargetID = 915DED512A01F1AE00632613;
					};
				};
			};
			buildConfigurationList = 915DED4D2A01F1AE00632613 /* Build configuration list for PBXProject "TrendingRepos" */;
			compatibilityVersion = "Xcode 14.0";
			developmentRegion = en;
			hasScannedForEncodings = 0;
			knownRegions = (
				en,
				Base,
				fr,
				it,
				"pt-PT",
				es,
				de,
			);
			mainGroup = 915DED492A01F1AE00632613;
			productRefGroup = 915DED532A01F1AE00632613 /* Products */;
			projectDirPath = "";
			projectRoot = "";
			targets = (
				915DED512A01F1AE00632613 /* TrendingRepos */,
				FF464C252A6C4025008EA72C /* TrendingReposTests */,
			);
		};
/* End PBXProject section */

/* Begin PBXResourcesBuildPhase section */
		915DED502A01F1AE00632613 /* Resources */ = {
			isa = PBXResourcesBuildPhase;
			buildActionMask = 2147483647;
			files = (
				FF464C212A6C3D8C008EA72C /* Secrets.plist in Resources */,
				915DED5D2A01F1AF00632613 /* Preview Assets.xcassets in Resources */,
				9110DE412A61CE04007B007E /* Localizable.strings in Resources */,
				915DED5A2A01F1AF00632613 /* Assets.xcassets in Resources */,
			);
			runOnlyForDeploymentPostprocessing = 0;
		};
		FF464C242A6C4025008EA72C /* Resources */ = {
			isa = PBXResourcesBuildPhase;
			buildActionMask = 2147483647;
			files = (
			);
			runOnlyForDeploymentPostprocessing = 0;
		};
/* End PBXResourcesBuildPhase section */

/* Begin PBXShellScriptBuildPhase section */
		912178A22A5899D100B1E203 /* Run Script */ = {
			isa = PBXShellScriptBuildPhase;
			buildActionMask = 2147483647;
			files = (
			);
			inputFileListPaths = (
			);
			inputPaths = (
			);
			name = "Run Script";
			outputFileListPaths = (
			);
			outputPaths = (
			);
			runOnlyForDeploymentPostprocessing = 0;
			shellPath = /bin/sh;
			shellScript = "if which /opt/homebrew/bin/swiftlint >/dev/null; then\n    /opt/homebrew/bin/swiftlint\nelse\n  echo \"warning: SwiftLint not installed, download from https://github.com/realm/SwiftLint\"\nfi\n";
		};
/* End PBXShellScriptBuildPhase section */

/* Begin PBXSourcesBuildPhase section */
		915DED4E2A01F1AE00632613 /* Sources */ = {
			isa = PBXSourcesBuildPhase;
			buildActionMask = 2147483647;
			files = (
				915DED642A01F21700632613 /* NetworkManager.swift in Sources */,
				912178AC2A59AD9900B1E203 /* TrendingReposViewModel.swift in Sources */,
				9110DE352A61B214007B007E /* SecretHelper.swift in Sources */,
				91048CA02A5AEE18006CD876 /* DarkModeManager.swift in Sources */,
				914F8C8B2A59BAE700FF5147 /* TimeFrame.swift in Sources */,
				912178A42A589BC800B1E203 /* Constants.swift in Sources */,
				91B02DD12A3E165900FD1BBC /* RepoList.swift in Sources */,
				914F8C8D2A59BB1B00FF5147 /* Color+Extensions.swift in Sources */,
				91B02DCF2A3E163800FD1BBC /* RepoStats.swift in Sources */,
				915DED582A01F1AE00632613 /* ContentView.swift in Sources */,
				91B02F702A55C77000FD1BBC /* RepoDetails.swift in Sources */,
				912178A12A5880B900B1E203 /* Logger.swift in Sources */,
				914F8C912A59BF5D00FF5147 /* GithubAPI.swift in Sources */,
				FF6EDEB72A6DB879004333E7 /* RepoModel.swift in Sources */,
				91B02F6E2A5480EB00FD1BBC /* KeychainManager.swift in Sources */,
				912178A82A58B7C500B1E203 /* AlertManager.swift in Sources */,
				915DED562A01F1AE00632613 /* TrendingReposApp.swift in Sources */,
				914F8C8F2A59BB2B00FF5147 /* URL+Extensions.swift in Sources */,
				91B02DD32A3E1A7800FD1BBC /* RepoItem.swift in Sources */,
				91B02F682A47773700FD1BBC /* TokenManager.swift in Sources */,
			);
			runOnlyForDeploymentPostprocessing = 0;
		};
		FF464C222A6C4025008EA72C /* Sources */ = {
			isa = PBXSourcesBuildPhase;
			buildActionMask = 2147483647;
			files = (
				FF42746F2A7EC8FB009DD2EF /* DarkModeManagerTests.swift in Sources */,
				FF464C302A6C40DF008EA72C /* NetworkManagerTests.swift in Sources */,
				FF4274712A7EC90D009DD2EF /* AlertManagerTests.swift in Sources */,
				FF42746D2A7EC8E4009DD2EF /* TokenManagerTests.swift in Sources */,
				FF464C292A6C4025008EA72C /* TrendingReposTests.swift in Sources */,
				FF6EDEB92A6DC05D004333E7 /* TrendingReposViewModelTests.swift in Sources */,
				FF4274732A7EC91E009DD2EF /* KeychainManagerTests.swift in Sources */,
			);
			runOnlyForDeploymentPostprocessing = 0;
		};
/* End PBXSourcesBuildPhase section */

/* Begin PBXTargetDependency section */
		FF464C2B2A6C4025008EA72C /* PBXTargetDependency */ = {
			isa = PBXTargetDependency;
			target = 915DED512A01F1AE00632613 /* TrendingRepos */;
			targetProxy = FF464C2A2A6C4025008EA72C /* PBXContainerItemProxy */;
		};
/* End PBXTargetDependency section */

/* Begin PBXVariantGroup section */
		9110DE432A61CE04007B007E /* Localizable.strings */ = {
			isa = PBXVariantGroup;
			children = (
				9110DE422A61CE04007B007E /* en */,
				9110DE442A61CE06007B007E /* fr */,
				9110DE452A61CE06007B007E /* de */,
				9110DE462A61CE07007B007E /* it */,
				9110DE472A61CE08007B007E /* pt-PT */,
				9110DE482A61CE09007B007E /* es */,
			);
			name = Localizable.strings;
			sourceTree = "<group>";
		};
/* End PBXVariantGroup section */

/* Begin XCBuildConfiguration section */
		915DED5E2A01F1AF00632613 /* Debug */ = {
			isa = XCBuildConfiguration;
			buildSettings = {
				ALWAYS_SEARCH_USER_PATHS = NO;
				CLANG_ANALYZER_NONNULL = YES;
				CLANG_ANALYZER_NUMBER_OBJECT_CONVERSION = YES_AGGRESSIVE;
				CLANG_CXX_LANGUAGE_STANDARD = "gnu++20";
				CLANG_ENABLE_MODULES = YES;
				CLANG_ENABLE_OBJC_ARC = YES;
				CLANG_ENABLE_OBJC_WEAK = YES;
				CLANG_WARN_BLOCK_CAPTURE_AUTORELEASING = YES;
				CLANG_WARN_BOOL_CONVERSION = YES;
				CLANG_WARN_COMMA = YES;
				CLANG_WARN_CONSTANT_CONVERSION = YES;
				CLANG_WARN_DEPRECATED_OBJC_IMPLEMENTATIONS = YES;
				CLANG_WARN_DIRECT_OBJC_ISA_USAGE = YES_ERROR;
				CLANG_WARN_DOCUMENTATION_COMMENTS = YES;
				CLANG_WARN_EMPTY_BODY = YES;
				CLANG_WARN_ENUM_CONVERSION = YES;
				CLANG_WARN_INFINITE_RECURSION = YES;
				CLANG_WARN_INT_CONVERSION = YES;
				CLANG_WARN_NON_LITERAL_NULL_CONVERSION = YES;
				CLANG_WARN_OBJC_IMPLICIT_RETAIN_SELF = YES;
				CLANG_WARN_OBJC_LITERAL_CONVERSION = YES;
				CLANG_WARN_OBJC_ROOT_CLASS = YES_ERROR;
				CLANG_WARN_QUOTED_INCLUDE_IN_FRAMEWORK_HEADER = YES;
				CLANG_WARN_RANGE_LOOP_ANALYSIS = YES;
				CLANG_WARN_STRICT_PROTOTYPES = YES;
				CLANG_WARN_SUSPICIOUS_MOVE = YES;
				CLANG_WARN_UNGUARDED_AVAILABILITY = YES_AGGRESSIVE;
				CLANG_WARN_UNREACHABLE_CODE = YES;
				CLANG_WARN__DUPLICATE_METHOD_MATCH = YES;
				COPY_PHASE_STRIP = NO;
				DEBUG_INFORMATION_FORMAT = dwarf;
				ENABLE_STRICT_OBJC_MSGSEND = YES;
				ENABLE_TESTABILITY = YES;
				GCC_C_LANGUAGE_STANDARD = gnu11;
				GCC_DYNAMIC_NO_PIC = NO;
				GCC_NO_COMMON_BLOCKS = YES;
				GCC_OPTIMIZATION_LEVEL = 0;
				GCC_PREPROCESSOR_DEFINITIONS = (
					"DEBUG=1",
					"$(inherited)",
				);
				GCC_WARN_64_TO_32_BIT_CONVERSION = YES;
				GCC_WARN_ABOUT_RETURN_TYPE = YES_ERROR;
				GCC_WARN_UNDECLARED_SELECTOR = YES;
				GCC_WARN_UNINITIALIZED_AUTOS = YES_AGGRESSIVE;
				GCC_WARN_UNUSED_FUNCTION = YES;
				GCC_WARN_UNUSED_VARIABLE = YES;
				IPHONEOS_DEPLOYMENT_TARGET = 16.2;
				MTL_ENABLE_DEBUG_INFO = INCLUDE_SOURCE;
				MTL_FAST_MATH = YES;
				ONLY_ACTIVE_ARCH = YES;
				SDKROOT = iphoneos;
				SWIFT_ACTIVE_COMPILATION_CONDITIONS = DEBUG;
				SWIFT_OPTIMIZATION_LEVEL = "-Onone";
			};
			name = Debug;
		};
		915DED5F2A01F1AF00632613 /* Release */ = {
			isa = XCBuildConfiguration;
			buildSettings = {
				ALWAYS_SEARCH_USER_PATHS = NO;
				CLANG_ANALYZER_NONNULL = YES;
				CLANG_ANALYZER_NUMBER_OBJECT_CONVERSION = YES_AGGRESSIVE;
				CLANG_CXX_LANGUAGE_STANDARD = "gnu++20";
				CLANG_ENABLE_MODULES = YES;
				CLANG_ENABLE_OBJC_ARC = YES;
				CLANG_ENABLE_OBJC_WEAK = YES;
				CLANG_WARN_BLOCK_CAPTURE_AUTORELEASING = YES;
				CLANG_WARN_BOOL_CONVERSION = YES;
				CLANG_WARN_COMMA = YES;
				CLANG_WARN_CONSTANT_CONVERSION = YES;
				CLANG_WARN_DEPRECATED_OBJC_IMPLEMENTATIONS = YES;
				CLANG_WARN_DIRECT_OBJC_ISA_USAGE = YES_ERROR;
				CLANG_WARN_DOCUMENTATION_COMMENTS = YES;
				CLANG_WARN_EMPTY_BODY = YES;
				CLANG_WARN_ENUM_CONVERSION = YES;
				CLANG_WARN_INFINITE_RECURSION = YES;
				CLANG_WARN_INT_CONVERSION = YES;
				CLANG_WARN_NON_LITERAL_NULL_CONVERSION = YES;
				CLANG_WARN_OBJC_IMPLICIT_RETAIN_SELF = YES;
				CLANG_WARN_OBJC_LITERAL_CONVERSION = YES;
				CLANG_WARN_OBJC_ROOT_CLASS = YES_ERROR;
				CLANG_WARN_QUOTED_INCLUDE_IN_FRAMEWORK_HEADER = YES;
				CLANG_WARN_RANGE_LOOP_ANALYSIS = YES;
				CLANG_WARN_STRICT_PROTOTYPES = YES;
				CLANG_WARN_SUSPICIOUS_MOVE = YES;
				CLANG_WARN_UNGUARDED_AVAILABILITY = YES_AGGRESSIVE;
				CLANG_WARN_UNREACHABLE_CODE = YES;
				CLANG_WARN__DUPLICATE_METHOD_MATCH = YES;
				COPY_PHASE_STRIP = NO;
				DEBUG_INFORMATION_FORMAT = "dwarf-with-dsym";
				ENABLE_NS_ASSERTIONS = NO;
				ENABLE_STRICT_OBJC_MSGSEND = YES;
				GCC_C_LANGUAGE_STANDARD = gnu11;
				GCC_NO_COMMON_BLOCKS = YES;
				GCC_WARN_64_TO_32_BIT_CONVERSION = YES;
				GCC_WARN_ABOUT_RETURN_TYPE = YES_ERROR;
				GCC_WARN_UNDECLARED_SELECTOR = YES;
				GCC_WARN_UNINITIALIZED_AUTOS = YES_AGGRESSIVE;
				GCC_WARN_UNUSED_FUNCTION = YES;
				GCC_WARN_UNUSED_VARIABLE = YES;
				IPHONEOS_DEPLOYMENT_TARGET = 16.2;
				MTL_ENABLE_DEBUG_INFO = NO;
				MTL_FAST_MATH = YES;
				SDKROOT = iphoneos;
				SWIFT_COMPILATION_MODE = wholemodule;
				SWIFT_OPTIMIZATION_LEVEL = "-O";
				VALIDATE_PRODUCT = YES;
			};
			name = Release;
		};
		915DED612A01F1AF00632613 /* Debug */ = {
			isa = XCBuildConfiguration;
			buildSettings = {
				ASSETCATALOG_COMPILER_APPICON_NAME = AppIcon;
				ASSETCATALOG_COMPILER_GLOBAL_ACCENT_COLOR_NAME = AccentColor;
				CODE_SIGN_STYLE = Automatic;
				CURRENT_PROJECT_VERSION = 1;
				DEVELOPMENT_ASSET_PATHS = "\"TrendingRepos/Preview Content\"";
				DEVELOPMENT_TEAM = 9477NSAJQ8;
				ENABLE_PREVIEWS = YES;
				GENERATE_INFOPLIST_FILE = YES;
				INFOPLIST_FILE = TrendingRepos/Info.plist;
				INFOPLIST_KEY_LSApplicationCategoryType = "public.app-category.productivity";
				INFOPLIST_KEY_UIApplicationSceneManifest_Generation = YES;
				INFOPLIST_KEY_UIApplicationSupportsIndirectInputEvents = YES;
				INFOPLIST_KEY_UILaunchScreen_Generation = YES;
				INFOPLIST_KEY_UISupportedInterfaceOrientations_iPad = "UIInterfaceOrientationPortrait UIInterfaceOrientationPortraitUpsideDown UIInterfaceOrientationLandscapeLeft UIInterfaceOrientationLandscapeRight";
				INFOPLIST_KEY_UISupportedInterfaceOrientations_iPhone = "UIInterfaceOrientationPortrait UIInterfaceOrientationLandscapeLeft UIInterfaceOrientationLandscapeRight";
				LD_RUNPATH_SEARCH_PATHS = (
					"$(inherited)",
					"@executable_path/Frameworks",
				);
				MARKETING_VERSION = 1.0;
				PRODUCT_BUNDLE_IDENTIFIER = com.matt.TrendingRepos;
				PRODUCT_NAME = "$(TARGET_NAME)";
				SWIFT_EMIT_LOC_STRINGS = YES;
				SWIFT_VERSION = 5.0;
				TARGETED_DEVICE_FAMILY = "1,2";
			};
			name = Debug;
		};
		915DED622A01F1AF00632613 /* Release */ = {
			isa = XCBuildConfiguration;
			buildSettings = {
				ASSETCATALOG_COMPILER_APPICON_NAME = AppIcon;
				ASSETCATALOG_COMPILER_GLOBAL_ACCENT_COLOR_NAME = AccentColor;
				CODE_SIGN_STYLE = Automatic;
				CURRENT_PROJECT_VERSION = 1;
				DEVELOPMENT_ASSET_PATHS = "\"TrendingRepos/Preview Content\"";
				DEVELOPMENT_TEAM = 9477NSAJQ8;
				ENABLE_PREVIEWS = YES;
				GENERATE_INFOPLIST_FILE = YES;
				INFOPLIST_FILE = TrendingRepos/Info.plist;
				INFOPLIST_KEY_LSApplicationCategoryType = "public.app-category.productivity";
				INFOPLIST_KEY_UIApplicationSceneManifest_Generation = YES;
				INFOPLIST_KEY_UIApplicationSupportsIndirectInputEvents = YES;
				INFOPLIST_KEY_UILaunchScreen_Generation = YES;
				INFOPLIST_KEY_UISupportedInterfaceOrientations_iPad = "UIInterfaceOrientationPortrait UIInterfaceOrientationPortraitUpsideDown UIInterfaceOrientationLandscapeLeft UIInterfaceOrientationLandscapeRight";
				INFOPLIST_KEY_UISupportedInterfaceOrientations_iPhone = "UIInterfaceOrientationPortrait UIInterfaceOrientationLandscapeLeft UIInterfaceOrientationLandscapeRight";
				LD_RUNPATH_SEARCH_PATHS = (
					"$(inherited)",
					"@executable_path/Frameworks",
				);
				MARKETING_VERSION = 1.0;
				PRODUCT_BUNDLE_IDENTIFIER = com.matt.TrendingRepos;
				PRODUCT_NAME = "$(TARGET_NAME)";
				SWIFT_EMIT_LOC_STRINGS = YES;
				SWIFT_VERSION = 5.0;
				TARGETED_DEVICE_FAMILY = "1,2";
			};
			name = Release;
		};
		FF464C2D2A6C4025008EA72C /* Debug */ = {
			isa = XCBuildConfiguration;
			buildSettings = {
				BUNDLE_LOADER = "$(TEST_HOST)";
				CODE_SIGN_STYLE = Automatic;
				CURRENT_PROJECT_VERSION = 1;
				DEVELOPMENT_TEAM = 9477NSAJQ8;
				GENERATE_INFOPLIST_FILE = YES;
				IPHONEOS_DEPLOYMENT_TARGET = 16.4;
				MARKETING_VERSION = 1.0;
				PRODUCT_BUNDLE_IDENTIFIER = com.mcpengelly.TrendingReposTests;
				PRODUCT_NAME = "$(TARGET_NAME)";
				SWIFT_EMIT_LOC_STRINGS = NO;
				SWIFT_VERSION = 5.0;
				TARGETED_DEVICE_FAMILY = "1,2";
				TEST_HOST = "$(BUILT_PRODUCTS_DIR)/TrendingRepos.app/$(BUNDLE_EXECUTABLE_FOLDER_PATH)/TrendingRepos";
			};
			name = Debug;
		};
		FF464C2E2A6C4025008EA72C /* Release */ = {
			isa = XCBuildConfiguration;
			buildSettings = {
				BUNDLE_LOADER = "$(TEST_HOST)";
				CODE_SIGN_STYLE = Automatic;
				CURRENT_PROJECT_VERSION = 1;
				DEVELOPMENT_TEAM = 9477NSAJQ8;
				GENERATE_INFOPLIST_FILE = YES;
				IPHONEOS_DEPLOYMENT_TARGET = 16.4;
				MARKETING_VERSION = 1.0;
				PRODUCT_BUNDLE_IDENTIFIER = com.mcpengelly.TrendingReposTests;
				PRODUCT_NAME = "$(TARGET_NAME)";
				SWIFT_EMIT_LOC_STRINGS = NO;
				SWIFT_VERSION = 5.0;
				TARGETED_DEVICE_FAMILY = "1,2";
				TEST_HOST = "$(BUILT_PRODUCTS_DIR)/TrendingRepos.app/$(BUNDLE_EXECUTABLE_FOLDER_PATH)/TrendingRepos";
			};
			name = Release;
		};
/* End XCBuildConfiguration section */

/* Begin XCConfigurationList section */
		915DED4D2A01F1AE00632613 /* Build configuration list for PBXProject "TrendingRepos" */ = {
			isa = XCConfigurationList;
			buildConfigurations = (
				915DED5E2A01F1AF00632613 /* Debug */,
				915DED5F2A01F1AF00632613 /* Release */,
			);
			defaultConfigurationIsVisible = 0;
			defaultConfigurationName = Release;
		};
		915DED602A01F1AF00632613 /* Build configuration list for PBXNativeTarget "TrendingRepos" */ = {
			isa = XCConfigurationList;
			buildConfigurations = (
				915DED612A01F1AF00632613 /* Debug */,
				915DED622A01F1AF00632613 /* Release */,
			);
			defaultConfigurationIsVisible = 0;
			defaultConfigurationName = Release;
		};
		FF464C2C2A6C4025008EA72C /* Build configuration list for PBXNativeTarget "TrendingReposTests" */ = {
			isa = XCConfigurationList;
			buildConfigurations = (
				FF464C2D2A6C4025008EA72C /* Debug */,
				FF464C2E2A6C4025008EA72C /* Release */,
			);
			defaultConfigurationIsVisible = 0;
			defaultConfigurationName = Release;
		};
/* End XCConfigurationList section */
	};
	rootObject = 915DED4A2A01F1AE00632613 /* Project object */;
}
